
Microsoft Visual Studio Solution File, Format Version 12.00
# Visual Studio 15
VisualStudioVersion = 15.0.26430.12
MinimumVisualStudioVersion = 10.0.40219.1
Project("{9A19103F-16F7-4668-BE54-9A1E7A4F7556}") = "Coder.Object2Report", "Coder.Object2Report\Coder.Object2Report.csproj", "{EF4E6508-9380-4B4F-891B-C3F8B3BF5322}"
EndProject
Project("{9A19103F-16F7-4668-BE54-9A1E7A4F7556}") = "Coder.Object2Report.Renders.NPOI", "Coder.Object2Report.Renders.NPOI\Coder.Object2Report.Renders.NPOI.csproj", "{0257CDBB-132C-4C2C-90D2-052BACD64735}"
EndProject
Global
	GlobalSection(SolutionConfigurationPlatforms) = preSolution
		Debug|Any CPU = Debug|Any CPU
		Release|Any CPU = Release|Any CPU
	EndGlobalSection
	GlobalSection(ProjectConfigurationPlatforms) = postSolution
		{EF4E6508-9380-4B4F-891B-C3F8B3BF5322}.Debug|Any CPU.ActiveCfg = Debug|Any CPU
		{EF4E6508-9380-4B4F-891B-C3F8B3BF5322}.Debug|Any CPU.Build.0 = Debug|Any CPU
		{EF4E6508-9380-4B4F-891B-C3F8B3BF5322}.Release|Any CPU.ActiveCfg = Release|Any CPU
		{EF4E6508-9380-4B4F-891B-C3F8B3BF5322}.Release|Any CPU.Build.0 = Release|Any CPU
		{0257CDBB-132C-4C2C-90D2-052BACD64735}.Debug|Any CPU.ActiveCfg = Debug|Any CPU
		{0257CDBB-132C-4C2C-90D2-052BACD64735}.Debug|Any CPU.Build.0 = Debug|Any CPU
		{0257CDBB-132C-4C2C-90D2-052BACD64735}.Release|Any CPU.ActiveCfg = Release|Any CPU
		{0257CDBB-132C-4C2C-90D2-052BACD64735}.Release|Any CPU.Build.0 = Release|Any CPU
	EndGlobalSection
	GlobalSection(SolutionProperties) = preSolution
		HideSolutionNode = FALSE
	EndGlobalSection
	GlobalSection(ExtensibilityGlobals) = postSolution
		SolutionGuid = {DE7856FE-E2C0-4AC4-80DD-D6B905C02B46}
	EndGlobalSection
EndGlobal
