
Microsoft Visual Studio Solution File, Format Version 12.00
# Visual Studio 15
VisualStudioVersion = 15.0.26430.12
MinimumVisualStudioVersion = 10.0.40219.1
Project("{FAE04EC0-301F-11D3-BF4B-00C04F79EFBC}") = "Coder.Object2Report", "Coder.Object2Report\Coder.Object2Report.csproj", "{1DEE4B5E-9702-430D-A458-5C443E79C1CE}"
EndProject
Project("{FAE04EC0-301F-11D3-BF4B-00C04F79EFBC}") = "Coder.Object2Report.Renders.NPOI", "Coder.Object2Report.Renders.NPOI\Coder.Object2Report.Renders.NPOI.csproj", "{74ACBEF0-8A97-4C22-8771-FB6532353053}"
EndProject
Global
	GlobalSection(SolutionConfigurationPlatforms) = preSolution
		Debug|Any CPU = Debug|Any CPU
		Release|Any CPU = Release|Any CPU
	EndGlobalSection
	GlobalSection(ProjectConfigurationPlatforms) = postSolution
		{1DEE4B5E-9702-430D-A458-5C443E79C1CE}.Debug|Any CPU.ActiveCfg = Debug|Any CPU
		{1DEE4B5E-9702-430D-A458-5C443E79C1CE}.Debug|Any CPU.Build.0 = Debug|Any CPU
		{1DEE4B5E-9702-430D-A458-5C443E79C1CE}.Release|Any CPU.ActiveCfg = Release|Any CPU
		{1DEE4B5E-9702-430D-A458-5C443E79C1CE}.Release|Any CPU.Build.0 = Release|Any CPU
		{74ACBEF0-8A97-4C22-8771-FB6532353053}.Debug|Any CPU.ActiveCfg = Debug|Any CPU
		{74ACBEF0-8A97-4C22-8771-FB6532353053}.Debug|Any CPU.Build.0 = Debug|Any CPU
		{74ACBEF0-8A97-4C22-8771-FB6532353053}.Release|Any CPU.ActiveCfg = Release|Any CPU
		{74ACBEF0-8A97-4C22-8771-FB6532353053}.Release|Any CPU.Build.0 = Release|Any CPU
	EndGlobalSection
	GlobalSection(SolutionProperties) = preSolution
		HideSolutionNode = FALSE
	EndGlobalSection
	GlobalSection(ExtensibilityGlobals) = postSolution
		SolutionGuid = {DE7856FE-E2C0-4AC4-80DD-D6B905C02B46}
	EndGlobalSection
EndGlobal
